<Solution>
  <Project Path="AuthService/AuthService.csproj" />
  <Project Path="BillingService/BillingService.csproj" />
  <Project Path="ChatService/ChatService.csproj" />
  <Project Path="MensajeriaIA.Core/MensajeriaIA.Core.csproj" />
  <Project Path="MensajeriaIA.Infrastructure/MensajeriaIA.Infrastructure.csproj" />
</Solution>
